DEPENDENCIES
  wosc
    path: cookbooks/wosc
  wosc-agendav
    path: cookbooks/wosc-agendav
  wosc-cgi
    path: cookbooks/wosc-cgi
  wosc-fastcgi
    path: cookbooks/wosc-fastcgi
  wosc-letsencrypt
    path: cookbooks/wosc-letsencrypt
  wosc-mailserver
    path: cookbooks/wosc-mailserver
  wosc-matomo
    path: cookbooks/wosc-matomo
  wosc-mysql
    path: cookbooks/wosc-mysql
  wosc-peerjs
    path: cookbooks/wosc-peerjs
  wosc-prometheus
    path: cookbooks/wosc-prometheus
  wosc-radicale
    path: cookbooks/wosc-radicale
  wosc-roundcube
    path: cookbooks/wosc-roundcube
  wosc-shaarli
    path: cookbooks/wosc-shaarli
  wosc-thyrida
    path: cookbooks/wosc-thyrida
  wosc-wallabag
    path: cookbooks/wosc-wallabag
  wosc-wordpress
    path: cookbooks/wosc-wordpress

GRAPH
  ark (3.1.0)
    build-essential (>= 0.0.0)
    seven_zip (>= 0.0.0)
    windows (>= 0.0.0)
  build-essential (8.0.4)
    mingw (>= 1.1)
    seven_zip (>= 0.0.0)
  mingw (2.0.1)
    seven_zip (>= 0.0.0)
  nodejs (5.0.0)
    ark (>= 2.0.2)
    build-essential (>= 0.0.0)
  ohai (5.2.1)
  poise (2.8.1)
  poise-archive (1.5.0)
    poise (~> 2.6)
  poise-languages (2.1.1)
    poise (~> 2.5)
    poise-archive (~> 1.0)
  poise-python (1.7.0)
    poise (~> 2.7)
    poise-languages (~> 2.0)
  seven_zip (2.0.2)
    windows (>= 1.2.2)
  windows (3.4.4)
    ohai (>= 4.0.0)
  wosc (1.0.0)
    ark (>= 0.0.0)
    poise-python (>= 0.0.0)
    wosc-fastcgi (>= 0.0.0)
  wosc-agendav (1.0.0)
    ark (>= 0.0.0)
    wosc (>= 0.0.0)
    wosc-fastcgi (>= 0.0.0)
    wosc-mysql (>= 0.0.0)
  wosc-cgi (1.0.0)
    poise-python (>= 0.0.0)
    wosc (>= 0.0.0)
    wosc-fastcgi (>= 0.0.0)
  wosc-fastcgi (0.1.0)
  wosc-letsencrypt (1.0.0)
    poise-python (>= 0.0.0)
    wosc (>= 0.0.0)
  wosc-mailserver (1.0.0)
    ark (>= 0.0.0)
    wosc (>= 0.0.0)
    wosc-mysql (>= 0.0.0)
  wosc-matomo (1.0.0)
    ark (>= 0.0.0)
    wosc (>= 0.0.0)
    wosc-fastcgi (>= 0.0.0)
    wosc-mysql (>= 0.0.0)
  wosc-mysql (1.0.0)
  wosc-peerjs (1.0.0)
    nodejs (>= 0.0.0)
    wosc (>= 0.0.0)
    wosc-fastcgi (>= 0.0.0)
  wosc-prometheus (1.0.0)
    ark (>= 0.0.0)
    wosc (>= 0.0.0)
    wosc-fastcgi (>= 0.0.0)
    wosc-mysql (>= 0.0.0)
  wosc-radicale (1.0.0)
    poise-python (>= 0.0.0)
    wosc (>= 0.0.0)
    wosc-fastcgi (>= 0.0.0)
  wosc-roundcube (1.0.0)
    ark (>= 0.0.0)
    wosc (>= 0.0.0)
    wosc-fastcgi (>= 0.0.0)
    wosc-mysql (>= 0.0.0)
  wosc-shaarli (1.0.0)
    ark (>= 0.0.0)
    wosc (>= 0.0.0)
    wosc-fastcgi (>= 0.0.0)
  wosc-thyrida (1.0.0)
    wosc (>= 0.0.0)
    wosc-cgi (>= 0.0.0)
    wosc-fastcgi (>= 0.0.0)
    wosc-mysql (>= 0.0.0)
  wosc-wallabag (1.0.0)
    ark (>= 0.0.0)
    wosc (>= 0.0.0)
    wosc-fastcgi (>= 0.0.0)
    wosc-mysql (>= 0.0.0)
  wosc-wordpress (1.0.0)
    ark (>= 0.0.0)
    wosc (>= 0.0.0)
    wosc-fastcgi (>= 0.0.0)
    wosc-mysql (>= 0.0.0)
