# appenv-requirements-hash: d8388ad39d94e37004f041ba2ccfff5e51b21510508c67ba5bb24a1a73f897fb
-e./batou_ext
ConfigUpdater==3.2
Jinja2==3.1.5
MarkupSafe==3.0.2
PyYAML==6.0.2
batou==2.5.2
certifi==2024.12.14
charset-normalizer==3.4.1
execnet==2.1.1
idna==3.10
importlib_metadata==8.5.0
importlib_resources==6.4.5
py==1.11.0
remote-pdb==2.1.0
requests==2.32.3
setuptools==75.6.0
urllib3==2.3.0
zipp==3.21.0
